# This file is automatically @generated by Cargo.
# It is not intended for manual editing.
version = 3

[[package]]
name = "general-a"
version = "0.0.0"

[[package]]
name = "general-b"
version = "0.0.0"

[[package]]
name = "general-c"
version = "0.0.0"

[[package]]
name = "general-d"
version = "0.0.0"

[[package]]
name = "general-e"
version = "0.0.0"

[[package]]
name = "mock-runtime"
version = "0.0.0"
dependencies = [
 "general-a",
 "general-b",
 "general-c",
 "general-d",
 "general-e",
 "pallet-a",
 "pallet-b",
 "pallet-c",
 "primitive-a",
 "primitive-b",
 "primitive-c",
]

[[package]]
name = "pallet-a"
version = "0.0.0"

[[package]]
name = "pallet-b"
version = "0.0.0"

[[package]]
name = "pallet-c"
version = "0.0.0"

[[package]]
name = "primitive-a"
version = "0.0.0"

[[package]]
name = "primitive-b"
version = "0.0.0"

[[package]]
name = "primitive-c"
version = "0.0.0"
